// !$*UTF8*$!
{
	archiveVersion = 1;
	classes = {
	};
	objectVersion = 55;
	objects = {

/* Begin PBXBuildFile section */
		4722B78D289A72AC00349BE9 /* Definition.swift in Sources */ = {isa = PBXBuildFile; fileRef = 4722B78C289A72AC00349BE9 /* Definition.swift */; };
		4722B792289A760100349BE9 /* RestClient.swift in Sources */ = {isa = PBXBuildFile; fileRef = 4722B791289A760100349BE9 /* RestClient.swift */; };
		4722B794289A760800349BE9 /* AppConstants.swift in Sources */ = {isa = PBXBuildFile; fileRef = 4722B793289A760800349BE9 /* AppConstants.swift */; };
		4722B796289A765C00349BE9 /* SingletonPattern.swift in Sources */ = {isa = PBXBuildFile; fileRef = 4722B795289A765C00349BE9 /* SingletonPattern.swift */; };
		4726555628AE3B930072932D /* FRKSDemoStoryboard.storyboard in Resources */ = {isa = PBXBuildFile; fileRef = 4726555528AE3B930072932D /* FRKSDemoStoryboard.storyboard */; };
		4726555828AE3C0F0072932D /* FRKSDemo.swift in Sources */ = {isa = PBXBuildFile; fileRef = 4726555728AE3C0F0072932D /* FRKSDemo.swift */; };
		473CDEA128B4D01C00C44AC3 /* WatchlistViewController.swift in Sources */ = {isa = PBXBuildFile; fileRef = 473CDEA028B4D01C00C44AC3 /* WatchlistViewController.swift */; };
		473CDEA328B4D02500C44AC3 /* WatchlistViewController.storyboard in Resources */ = {isa = PBXBuildFile; fileRef = 473CDEA228B4D02500C44AC3 /* WatchlistViewController.storyboard */; };
		473CDEA528B4D02E00C44AC3 /* WatchlistViewModel.swift in Sources */ = {isa = PBXBuildFile; fileRef = 473CDEA428B4D02E00C44AC3 /* WatchlistViewModel.swift */; };
		473CDEA728B4D03500C44AC3 /* WatchlistViewModelProtocol.swift in Sources */ = {isa = PBXBuildFile; fileRef = 473CDEA628B4D03500C44AC3 /* WatchlistViewModelProtocol.swift */; };
		473CDEAB28B4D5DC00C44AC3 /* SymbolCell.swift in Sources */ = {isa = PBXBuildFile; fileRef = 473CDEA928B4D5DC00C44AC3 /* SymbolCell.swift */; };
		473CDEAC28B4D5DC00C44AC3 /* SymbolCell.xib in Resources */ = {isa = PBXBuildFile; fileRef = 473CDEAA28B4D5DC00C44AC3 /* SymbolCell.xib */; };
		47536635289921AD00F0EABD /* AppDelegate.swift in Sources */ = {isa = PBXBuildFile; fileRef = 47536634289921AD00F0EABD /* AppDelegate.swift */; };
		47536637289921AD00F0EABD /* SceneDelegate.swift in Sources */ = {isa = PBXBuildFile; fileRef = 47536636289921AD00F0EABD /* SceneDelegate.swift */; };
		47536639289921AD00F0EABD /* ViewController.swift in Sources */ = {isa = PBXBuildFile; fileRef = 47536638289921AD00F0EABD /* ViewController.swift */; };
		4753663C289921AD00F0EABD /* Main.storyboard in Resources */ = {isa = PBXBuildFile; fileRef = 4753663A289921AD00F0EABD /* Main.storyboard */; };
		4753663F289921AD00F0EABD /* frks_challenge.xcdatamodeld in Sources */ = {isa = PBXBuildFile; fileRef = 4753663D289921AD00F0EABD /* frks_challenge.xcdatamodeld */; };
		47536641289921B000F0EABD /* Assets.xcassets in Resources */ = {isa = PBXBuildFile; fileRef = 47536640289921B000F0EABD /* Assets.xcassets */; };
		47536644289921B000F0EABD /* LaunchScreen.storyboard in Resources */ = {isa = PBXBuildFile; fileRef = 47536642289921B000F0EABD /* LaunchScreen.storyboard */; };
		4753664F289921B000F0EABD /* frks_challengeTests.swift in Sources */ = {isa = PBXBuildFile; fileRef = 4753664E289921B000F0EABD /* frks_challengeTests.swift */; };
		47536659289921B000F0EABD /* frks_challengeUITests.swift in Sources */ = {isa = PBXBuildFile; fileRef = 47536658289921B000F0EABD /* frks_challengeUITests.swift */; };
		4753665B289921B000F0EABD /* frks_challengeUITestsLaunchTests.swift in Sources */ = {isa = PBXBuildFile; fileRef = 4753665A289921B000F0EABD /* frks_challengeUITestsLaunchTests.swift */; };
		475366692899250100F0EABD /* FirstScreenViewModelProtocol.swift in Sources */ = {isa = PBXBuildFile; fileRef = 475366682899250100F0EABD /* FirstScreenViewModelProtocol.swift */; };
		4753666B2899250B00F0EABD /* FirstScreenViewModel.swift in Sources */ = {isa = PBXBuildFile; fileRef = 4753666A2899250B00F0EABD /* FirstScreenViewModel.swift */; };
		4781B64828B8C6CD00FF1585 /* CellTestUIViewController.swift in Sources */ = {isa = PBXBuildFile; fileRef = 4781B64728B8C6CD00FF1585 /* CellTestUIViewController.swift */; };
		4781B64A28B8C6D300FF1585 /* CellTestUIViewController.storyboard in Resources */ = {isa = PBXBuildFile; fileRef = 4781B64928B8C6D300FF1585 /* CellTestUIViewController.storyboard */; };
		47A9C11528ACEC270061FB65 /* FRKSLabel.swift in Sources */ = {isa = PBXBuildFile; fileRef = 47A9C11428ACEC270061FB65 /* FRKSLabel.swift */; };
		47A9C11728ACECB80061FB65 /* FRKSView.swift in Sources */ = {isa = PBXBuildFile; fileRef = 47A9C11628ACECB80061FB65 /* FRKSView.swift */; };
		47B8C141289BC59700F9B2F9 /* SymbolLast.swift in Sources */ = {isa = PBXBuildFile; fileRef = 47B8C140289BC59700F9B2F9 /* SymbolLast.swift */; };
		47B8C144289BC7DF00F9B2F9 /* DefinitionRequest.swift in Sources */ = {isa = PBXBuildFile; fileRef = 47B8C143289BC7DF00F9B2F9 /* DefinitionRequest.swift */; };
		47B8C146289BC7E700F9B2F9 /* SymbolLastRequest.swift in Sources */ = {isa = PBXBuildFile; fileRef = 47B8C145289BC7E700F9B2F9 /* SymbolLastRequest.swift */; };
		47B8C148289BC7F100F9B2F9 /* Request.swift in Sources */ = {isa = PBXBuildFile; fileRef = 47B8C147289BC7F100F9B2F9 /* Request.swift */; };
		47FBE30928B620C3005FEAD5 /* LandingPageViewController.storyboard in Resources */ = {isa = PBXBuildFile; fileRef = 47FBE30828B620C3005FEAD5 /* LandingPageViewController.storyboard */; };
		47FBE30B28B620EE005FEAD5 /* LandingPageViewController.swift in Sources */ = {isa = PBXBuildFile; fileRef = 47FBE30A28B620EE005FEAD5 /* LandingPageViewController.swift */; };
		47FBE31328B62288005FEAD5 /* ShowMessageViewController.swift in Sources */ = {isa = PBXBuildFile; fileRef = 47FBE31128B62288005FEAD5 /* ShowMessageViewController.swift */; };
		47FBE31B28B622BB005FEAD5 /* ShowMessageViewController.storyboard in Resources */ = {isa = PBXBuildFile; fileRef = 47FBE31A28B622BB005FEAD5 /* ShowMessageViewController.storyboard */; };
		47FBE31E28B62B03005FEAD5 /* LandingCell.swift in Sources */ = {isa = PBXBuildFile; fileRef = 47FBE31C28B62B03005FEAD5 /* LandingCell.swift */; };
		47FBE31F28B62B03005FEAD5 /* LandingCell.xib in Resources */ = {isa = PBXBuildFile; fileRef = 47FBE31D28B62B03005FEAD5 /* LandingCell.xib */; };
/* End PBXBuildFile section */

/* Begin PBXContainerItemProxy section */
		4753664B289921B000F0EABD /* PBXContainerItemProxy */ = {
			isa = PBXContainerItemProxy;
			containerPortal = 47536629289921AD00F0EABD /* Project object */;
			proxyType = 1;
			remoteGlobalIDString = 47536630289921AD00F0EABD;
			remoteInfo = frks_challenge;
		};
		47536655289921B000F0EABD /* PBXContainerItemProxy */ = {
			isa = PBXContainerItemProxy;
			containerPortal = 47536629289921AD00F0EABD /* Project object */;
			proxyType = 1;
			remoteGlobalIDString = 47536630289921AD00F0EABD;
			remoteInfo = frks_challenge;
		};
/* End PBXContainerItemProxy section */

/* Begin PBXFileReference section */
		4722B78C289A72AC00349BE9 /* Definition.swift */ = {isa = PBXFileReference; lastKnownFileType = sourcecode.swift; path = Definition.swift; sourceTree = "<group>"; };
		4722B791289A760100349BE9 /* RestClient.swift */ = {isa = PBXFileReference; lastKnownFileType = sourcecode.swift; path = RestClient.swift; sourceTree = "<group>"; };
		4722B793289A760800349BE9 /* AppConstants.swift */ = {isa = PBXFileReference; lastKnownFileType = sourcecode.swift; path = AppConstants.swift; sourceTree = "<group>"; };
		4722B795289A765C00349BE9 /* SingletonPattern.swift */ = {isa = PBXFileReference; lastKnownFileType = sourcecode.swift; path = SingletonPattern.swift; sourceTree = "<group>"; };
		4722B797289A795400349BE9 /* CompletionBlockTest.swift */ = {isa = PBXFileReference; lastKnownFileType = sourcecode.swift; path = CompletionBlockTest.swift; sourceTree = "<group>"; };
		4726555528AE3B930072932D /* FRKSDemoStoryboard.storyboard */ = {isa = PBXFileReference; lastKnownFileType = file.storyboard; path = FRKSDemoStoryboard.storyboard; sourceTree = "<group>"; };
		4726555728AE3C0F0072932D /* FRKSDemo.swift */ = {isa = PBXFileReference; lastKnownFileType = sourcecode.swift; path = FRKSDemo.swift; sourceTree = "<group>"; };
		473CDEA028B4D01C00C44AC3 /* WatchlistViewController.swift */ = {isa = PBXFileReference; lastKnownFileType = sourcecode.swift; path = WatchlistViewController.swift; sourceTree = "<group>"; };
		473CDEA228B4D02500C44AC3 /* WatchlistViewController.storyboard */ = {isa = PBXFileReference; lastKnownFileType = file.storyboard; path = WatchlistViewController.storyboard; sourceTree = "<group>"; };
		473CDEA428B4D02E00C44AC3 /* WatchlistViewModel.swift */ = {isa = PBXFileReference; lastKnownFileType = sourcecode.swift; path = WatchlistViewModel.swift; sourceTree = "<group>"; };
		473CDEA628B4D03500C44AC3 /* WatchlistViewModelProtocol.swift */ = {isa = PBXFileReference; lastKnownFileType = sourcecode.swift; path = WatchlistViewModelProtocol.swift; sourceTree = "<group>"; };
		473CDEA928B4D5DC00C44AC3 /* SymbolCell.swift */ = {isa = PBXFileReference; lastKnownFileType = sourcecode.swift; path = SymbolCell.swift; sourceTree = "<group>"; };
		473CDEAA28B4D5DC00C44AC3 /* SymbolCell.xib */ = {isa = PBXFileReference; lastKnownFileType = file.xib; path = SymbolCell.xib; sourceTree = "<group>"; };
		47536631289921AD00F0EABD /* frks_challenge.app */ = {isa = PBXFileReference; explicitFileType = wrapper.application; includeInIndex = 0; path = frks_challenge.app; sourceTree = BUILT_PRODUCTS_DIR; };
		47536634289921AD00F0EABD /* AppDelegate.swift */ = {isa = PBXFileReference; lastKnownFileType = sourcecode.swift; path = AppDelegate.swift; sourceTree = "<group>"; };
		47536636289921AD00F0EABD /* SceneDelegate.swift */ = {isa = PBXFileReference; lastKnownFileType = sourcecode.swift; path = SceneDelegate.swift; sourceTree = "<group>"; };
		47536638289921AD00F0EABD /* ViewController.swift */ = {isa = PBXFileReference; lastKnownFileType = sourcecode.swift; path = ViewController.swift; sourceTree = "<group>"; };
		4753663B289921AD00F0EABD /* Base */ = {isa = PBXFileReference; lastKnownFileType = file.storyboard; name = Base; path = Base.lproj/Main.storyboard; sourceTree = "<group>"; };
		4753663E289921AD00F0EABD /* frks_challenge.xcdatamodel */ = {isa = PBXFileReference; lastKnownFileType = wrapper.xcdatamodel; path = frks_challenge.xcdatamodel; sourceTree = "<group>"; };
		47536640289921B000F0EABD /* Assets.xcassets */ = {isa = PBXFileReference; lastKnownFileType = folder.assetcatalog; path = Assets.xcassets; sourceTree = "<group>"; };
		47536643289921B000F0EABD /* Base */ = {isa = PBXFileReference; lastKnownFileType = file.storyboard; name = Base; path = Base.lproj/LaunchScreen.storyboard; sourceTree = "<group>"; };
		47536645289921B000F0EABD /* Info.plist */ = {isa = PBXFileReference; lastKnownFileType = text.plist.xml; path = Info.plist; sourceTree = "<group>"; };
		4753664A289921B000F0EABD /* frks_challengeTests.xctest */ = {isa = PBXFileReference; explicitFileType = wrapper.cfbundle; includeInIndex = 0; path = frks_challengeTests.xctest; sourceTree = BUILT_PRODUCTS_DIR; };
		4753664E289921B000F0EABD /* frks_challengeTests.swift */ = {isa = PBXFileReference; lastKnownFileType = sourcecode.swift; path = frks_challengeTests.swift; sourceTree = "<group>"; };
		47536654289921B000F0EABD /* frks_challengeUITests.xctest */ = {isa = PBXFileReference; explicitFileType = wrapper.cfbundle; includeInIndex = 0; path = frks_challengeUITests.xctest; sourceTree = BUILT_PRODUCTS_DIR; };
		47536658289921B000F0EABD /* frks_challengeUITests.swift */ = {isa = PBXFileReference; lastKnownFileType = sourcecode.swift; path = frks_challengeUITests.swift; sourceTree = "<group>"; };
		4753665A289921B000F0EABD /* frks_challengeUITestsLaunchTests.swift */ = {isa = PBXFileReference; lastKnownFileType = sourcecode.swift; path = frks_challengeUITestsLaunchTests.swift; sourceTree = "<group>"; };
		475366682899250100F0EABD /* FirstScreenViewModelProtocol.swift */ = {isa = PBXFileReference; lastKnownFileType = sourcecode.swift; path = FirstScreenViewModelProtocol.swift; sourceTree = "<group>"; };
		4753666A2899250B00F0EABD /* FirstScreenViewModel.swift */ = {isa = PBXFileReference; lastKnownFileType = sourcecode.swift; path = FirstScreenViewModel.swift; sourceTree = "<group>"; };
		4781B64728B8C6CD00FF1585 /* CellTestUIViewController.swift */ = {isa = PBXFileReference; lastKnownFileType = sourcecode.swift; path = CellTestUIViewController.swift; sourceTree = "<group>"; };
		4781B64928B8C6D300FF1585 /* CellTestUIViewController.storyboard */ = {isa = PBXFileReference; lastKnownFileType = file.storyboard; path = CellTestUIViewController.storyboard; sourceTree = "<group>"; };
		4781B64C28B8D2BD00FF1585 /* README.md */ = {isa = PBXFileReference; lastKnownFileType = net.daringfireball.markdown; path = README.md; sourceTree = "<group>"; };
		47A9C11428ACEC270061FB65 /* FRKSLabel.swift */ = {isa = PBXFileReference; lastKnownFileType = sourcecode.swift; path = FRKSLabel.swift; sourceTree = "<group>"; };
		47A9C11628ACECB80061FB65 /* FRKSView.swift */ = {isa = PBXFileReference; lastKnownFileType = sourcecode.swift; path = FRKSView.swift; sourceTree = "<group>"; };
		47B8C140289BC59700F9B2F9 /* SymbolLast.swift */ = {isa = PBXFileReference; lastKnownFileType = sourcecode.swift; path = SymbolLast.swift; sourceTree = "<group>"; };
		47B8C143289BC7DF00F9B2F9 /* DefinitionRequest.swift */ = {isa = PBXFileReference; lastKnownFileType = sourcecode.swift; path = DefinitionRequest.swift; sourceTree = "<group>"; };
		47B8C145289BC7E700F9B2F9 /* SymbolLastRequest.swift */ = {isa = PBXFileReference; lastKnownFileType = sourcecode.swift; path = SymbolLastRequest.swift; sourceTree = "<group>"; };
		47B8C147289BC7F100F9B2F9 /* Request.swift */ = {isa = PBXFileReference; lastKnownFileType = sourcecode.swift; path = Request.swift; sourceTree = "<group>"; };
		47FBE30828B620C3005FEAD5 /* LandingPageViewController.storyboard */ = {isa = PBXFileReference; lastKnownFileType = file.storyboard; path = LandingPageViewController.storyboard; sourceTree = "<group>"; };
		47FBE30A28B620EE005FEAD5 /* LandingPageViewController.swift */ = {isa = PBXFileReference; lastKnownFileType = sourcecode.swift; path = LandingPageViewController.swift; sourceTree = "<group>"; };
		47FBE31128B62288005FEAD5 /* ShowMessageViewController.swift */ = {isa = PBXFileReference; lastKnownFileType = sourcecode.swift; path = ShowMessageViewController.swift; sourceTree = "<group>"; };
		47FBE31A28B622BB005FEAD5 /* ShowMessageViewController.storyboard */ = {isa = PBXFileReference; lastKnownFileType = file.storyboard; path = ShowMessageViewController.storyboard; sourceTree = "<group>"; };
		47FBE31C28B62B03005FEAD5 /* LandingCell.swift */ = {isa = PBXFileReference; lastKnownFileType = sourcecode.swift; path = LandingCell.swift; sourceTree = "<group>"; };
		47FBE31D28B62B03005FEAD5 /* LandingCell.xib */ = {isa = PBXFileReference; lastKnownFileType = file.xib; path = LandingCell.xib; sourceTree = "<group>"; };
/* End PBXFileReference section */

/* Begin PBXFrameworksBuildPhase section */
		4753662E289921AD00F0EABD /* Frameworks */ = {
			isa = PBXFrameworksBuildPhase;
			buildActionMask = 2147483647;
			files = (
			);
			runOnlyForDeploymentPostprocessing = 0;
		};
		47536647289921B000F0EABD /* Frameworks */ = {
			isa = PBXFrameworksBuildPhase;
			buildActionMask = 2147483647;
			files = (
			);
			runOnlyForDeploymentPostprocessing = 0;
		};
		47536651289921B000F0EABD /* Frameworks */ = {
			isa = PBXFrameworksBuildPhase;
			buildActionMask = 2147483647;
			files = (
			);
			runOnlyForDeploymentPostprocessing = 0;
		};
/* End PBXFrameworksBuildPhase section */

/* Begin PBXGroup section */
		4722B78E289A75E600349BE9 /* Model */ = {
			isa = PBXGroup;
			children = (
				47B8C142289BC7BE00F9B2F9 /* Requests */,
				4722B78C289A72AC00349BE9 /* Definition.swift */,
				47B8C140289BC59700F9B2F9 /* SymbolLast.swift */,
			);
			path = Model;
			sourceTree = "<group>";
		};
		4722B790289A75FA00349BE9 /* RestClient */ = {
			isa = PBXGroup;
			children = (
				4722B791289A760100349BE9 /* RestClient.swift */,
				4722B795289A765C00349BE9 /* SingletonPattern.swift */,
				4722B797289A795400349BE9 /* CompletionBlockTest.swift */,
			);
			path = RestClient;
			sourceTree = "<group>";
		};
		473CDE9F28B4CFEC00C44AC3 /* WatchlistViewController */ = {
			isa = PBXGroup;
			children = (
				473CDEA828B4D5C700C44AC3 /* SymbolCell */,
				473CDEA028B4D01C00C44AC3 /* WatchlistViewController.swift */,
				473CDEA228B4D02500C44AC3 /* WatchlistViewController.storyboard */,
				473CDEA428B4D02E00C44AC3 /* WatchlistViewModel.swift */,
				473CDEA628B4D03500C44AC3 /* WatchlistViewModelProtocol.swift */,
			);
			path = WatchlistViewController;
			sourceTree = "<group>";
		};
		473CDEA828B4D5C700C44AC3 /* SymbolCell */ = {
			isa = PBXGroup;
			children = (
				473CDEA928B4D5DC00C44AC3 /* SymbolCell.swift */,
				473CDEAA28B4D5DC00C44AC3 /* SymbolCell.xib */,
			);
			path = SymbolCell;
			sourceTree = "<group>";
		};
		47536628289921AD00F0EABD = {
			isa = PBXGroup;
			children = (
				47536633289921AD00F0EABD /* frks_challenge */,
				4753664D289921B000F0EABD /* frks_challengeTests */,
				47536657289921B000F0EABD /* frks_challengeUITests */,
				47536632289921AD00F0EABD /* Products */,
			);
			sourceTree = "<group>";
		};
		47536632289921AD00F0EABD /* Products */ = {
			isa = PBXGroup;
			children = (
				47536631289921AD00F0EABD /* frks_challenge.app */,
				4753664A289921B000F0EABD /* frks_challengeTests.xctest */,
				47536654289921B000F0EABD /* frks_challengeUITests.xctest */,
			);
			name = Products;
			sourceTree = "<group>";
		};
		47536633289921AD00F0EABD /* frks_challenge */ = {
			isa = PBXGroup;
			children = (
				4781B64C28B8D2BD00FF1585 /* README.md */,
				4722B793289A760800349BE9 /* AppConstants.swift */,
				4781B64B28B8D25800FF1585 /* Application */,
				47A9C11328ACEC1E0061FB65 /* BaseClasses */,
				4722B790289A75FA00349BE9 /* RestClient */,
				4722B78E289A75E600349BE9 /* Model */,
				47536667289924D100F0EABD /* FirstScreen */,
				4781B64628B8C6B200FF1585 /* CellTestController */,
				47FBE30728B620B3005FEAD5 /* LandingPage */,
				47FBE31928B622A0005FEAD5 /* MessageModule */,
				473CDE9F28B4CFEC00C44AC3 /* WatchlistViewController */,
			);
			path = frks_challenge;
			sourceTree = "<group>";
		};
		4753664D289921B000F0EABD /* frks_challengeTests */ = {
			isa = PBXGroup;
			children = (
				4753664E289921B000F0EABD /* frks_challengeTests.swift */,
			);
			path = frks_challengeTests;
			sourceTree = "<group>";
		};
		47536657289921B000F0EABD /* frks_challengeUITests */ = {
			isa = PBXGroup;
			children = (
				47536658289921B000F0EABD /* frks_challengeUITests.swift */,
				4753665A289921B000F0EABD /* frks_challengeUITestsLaunchTests.swift */,
			);
			path = frks_challengeUITests;
			sourceTree = "<group>";
		};
		47536667289924D100F0EABD /* FirstScreen */ = {
			isa = PBXGroup;
			children = (
				47536638289921AD00F0EABD /* ViewController.swift */,
				4753663A289921AD00F0EABD /* Main.storyboard */,
				4726555528AE3B930072932D /* FRKSDemoStoryboard.storyboard */,
				4726555728AE3C0F0072932D /* FRKSDemo.swift */,
				475366682899250100F0EABD /* FirstScreenViewModelProtocol.swift */,
				4753666A2899250B00F0EABD /* FirstScreenViewModel.swift */,
			);
			path = FirstScreen;
			sourceTree = "<group>";
		};
		4781B64628B8C6B200FF1585 /* CellTestController */ = {
			isa = PBXGroup;
			children = (
				4781B64728B8C6CD00FF1585 /* CellTestUIViewController.swift */,
				4781B64928B8C6D300FF1585 /* CellTestUIViewController.storyboard */,
			);
			path = CellTestController;
			sourceTree = "<group>";
		};
		4781B64B28B8D25800FF1585 /* Application */ = {
			isa = PBXGroup;
			children = (
				47536636289921AD00F0EABD /* SceneDelegate.swift */,
				47536634289921AD00F0EABD /* AppDelegate.swift */,
				47536640289921B000F0EABD /* Assets.xcassets */,
				47536642289921B000F0EABD /* LaunchScreen.storyboard */,
				47536645289921B000F0EABD /* Info.plist */,
				4753663D289921AD00F0EABD /* frks_challenge.xcdatamodeld */,
			);
			path = Application;
			sourceTree = "<group>";
		};
		47A9C11328ACEC1E0061FB65 /* BaseClasses */ = {
			isa = PBXGroup;
			children = (
				47A9C11428ACEC270061FB65 /* FRKSLabel.swift */,
				47A9C11628ACECB80061FB65 /* FRKSView.swift */,
			);
			path = BaseClasses;
			sourceTree = "<group>";
		};
		47B8C142289BC7BE00F9B2F9 /* Requests */ = {
			isa = PBXGroup;
			children = (
				47B8C147289BC7F100F9B2F9 /* Request.swift */,
				47B8C143289BC7DF00F9B2F9 /* DefinitionRequest.swift */,
				47B8C145289BC7E700F9B2F9 /* SymbolLastRequest.swift */,
			);
			path = Requests;
			sourceTree = "<group>";
		};
		47FBE30728B620B3005FEAD5 /* LandingPage */ = {
			isa = PBXGroup;
			children = (
				47FBE30828B620C3005FEAD5 /* LandingPageViewController.storyboard */,
				47FBE30A28B620EE005FEAD5 /* LandingPageViewController.swift */,
				47FBE31C28B62B03005FEAD5 /* LandingCell.swift */,
				47FBE31D28B62B03005FEAD5 /* LandingCell.xib */,
			);
			path = LandingPage;
			sourceTree = "<group>";
		};
		47FBE31928B622A0005FEAD5 /* MessageModule */ = {
			isa = PBXGroup;
			children = (
				47FBE31128B62288005FEAD5 /* ShowMessageViewController.swift */,
				47FBE31A28B622BB005FEAD5 /* ShowMessageViewController.storyboard */,
			);
			path = MessageModule;
			sourceTree = "<group>";
		};
/* End PBXGroup section */

/* Begin PBXNativeTarget section */
		47536630289921AD00F0EABD /* frks_challenge */ = {
			isa = PBXNativeTarget;
			buildConfigurationList = 4753665E289921B000F0EABD /* Build configuration list for PBXNativeTarget "frks_challenge" */;
			buildPhases = (
				4753662D289921AD00F0EABD /* Sources */,
				4753662E289921AD00F0EABD /* Frameworks */,
				4753662F289921AD00F0EABD /* Resources */,
			);
			buildRules = (
			);
			dependencies = (
			);
			name = frks_challenge;
			productName = frks_challenge;
			productReference = 47536631289921AD00F0EABD /* frks_challenge.app */;
			productType = "com.apple.product-type.application";
		};
		47536649289921B000F0EABD /* frks_challengeTests */ = {
			isa = PBXNativeTarget;
			buildConfigurationList = 47536661289921B000F0EABD /* Build configuration list for PBXNativeTarget "frks_challengeTests" */;
			buildPhases = (
				47536646289921B000F0EABD /* Sources */,
				47536647289921B000F0EABD /* Frameworks */,
				47536648289921B000F0EABD /* Resources */,
			);
			buildRules = (
			);
			dependencies = (
				4753664C289921B000F0EABD /* PBXTargetDependency */,
			);
			name = frks_challengeTests;
			productName = frks_challengeTests;
			productReference = 4753664A289921B000F0EABD /* frks_challengeTests.xctest */;
			productType = "com.apple.product-type.bundle.unit-test";
		};
		47536653289921B000F0EABD /* frks_challengeUITests */ = {
			isa = PBXNativeTarget;
			buildConfigurationList = 47536664289921B000F0EABD /* Build configuration list for PBXNativeTarget "frks_challengeUITests" */;
			buildPhases = (
				47536650289921B000F0EABD /* Sources */,
				47536651289921B000F0EABD /* Frameworks */,
				47536652289921B000F0EABD /* Resources */,
			);
			buildRules = (
			);
			dependencies = (
				47536656289921B000F0EABD /* PBXTargetDependency */,
			);
			name = frks_challengeUITests;
			productName = frks_challengeUITests;
			productReference = 47536654289921B000F0EABD /* frks_challengeUITests.xctest */;
			productType = "com.apple.product-type.bundle.ui-testing";
		};
/* End PBXNativeTarget section */

/* Begin PBXProject section */
		47536629289921AD00F0EABD /* Project object */ = {
			isa = PBXProject;
			attributes = {
				BuildIndependentTargetsInParallel = 1;
				LastSwiftUpdateCheck = 1320;
				LastUpgradeCheck = 1320;
				TargetAttributes = {
					47536630289921AD00F0EABD = {
						CreatedOnToolsVersion = 13.2.1;
					};
					47536649289921B000F0EABD = {
						CreatedOnToolsVersion = 13.2.1;
						TestTargetID = 47536630289921AD00F0EABD;
					};
					47536653289921B000F0EABD = {
						CreatedOnToolsVersion = 13.2.1;
						TestTargetID = 47536630289921AD00F0EABD;
					};
				};
			};
			buildConfigurationList = 4753662C289921AD00F0EABD /* Build configuration list for PBXProject "frks_challenge" */;
			compatibilityVersion = "Xcode 13.0";
			developmentRegion = en;
			hasScannedForEncodings = 0;
			knownRegions = (
				en,
				Base,
			);
			mainGroup = 47536628289921AD00F0EABD;
			productRefGroup = 47536632289921AD00F0EABD /* Products */;
			projectDirPath = "";
			projectRoot = "";
			targets = (
				47536630289921AD00F0EABD /* frks_challenge */,
				47536649289921B000F0EABD /* frks_challengeTests */,
				47536653289921B000F0EABD /* frks_challengeUITests */,
			);
		};
/* End PBXProject section */

/* Begin PBXResourcesBuildPhase section */
		4753662F289921AD00F0EABD /* Resources */ = {
			isa = PBXResourcesBuildPhase;
			buildActionMask = 2147483647;
			files = (
				4726555628AE3B930072932D /* FRKSDemoStoryboard.storyboard in Resources */,
				47536644289921B000F0EABD /* LaunchScreen.storyboard in Resources */,
				47FBE30928B620C3005FEAD5 /* LandingPageViewController.storyboard in Resources */,
				47536641289921B000F0EABD /* Assets.xcassets in Resources */,
				4753663C289921AD00F0EABD /* Main.storyboard in Resources */,
				47FBE31F28B62B03005FEAD5 /* LandingCell.xib in Resources */,
				473CDEA328B4D02500C44AC3 /* WatchlistViewController.storyboard in Resources */,
				473CDEAC28B4D5DC00C44AC3 /* SymbolCell.xib in Resources */,
				47FBE31B28B622BB005FEAD5 /* ShowMessageViewController.storyboard in Resources */,
				4781B64A28B8C6D300FF1585 /* CellTestUIViewController.storyboard in Resources */,
			);
			runOnlyForDeploymentPostprocessing = 0;
		};
		47536648289921B000F0EABD /* Resources */ = {
			isa = PBXResourcesBuildPhase;
			buildActionMask = 2147483647;
			files = (
			);
			runOnlyForDeploymentPostprocessing = 0;
		};
		47536652289921B000F0EABD /* Resources */ = {
			isa = PBXResourcesBuildPhase;
			buildActionMask = 2147483647;
			files = (
			);
			runOnlyForDeploymentPostprocessing = 0;
		};
/* End PBXResourcesBuildPhase section */

/* Begin PBXSourcesBuildPhase section */
		4753662D289921AD00F0EABD /* Sources */ = {
			isa = PBXSourcesBuildPhase;
			buildActionMask = 2147483647;
			files = (
				47B8C146289BC7E700F9B2F9 /* SymbolLastRequest.swift in Sources */,
				473CDEAB28B4D5DC00C44AC3 /* SymbolCell.swift in Sources */,
				4722B792289A760100349BE9 /* RestClient.swift in Sources */,
				4722B794289A760800349BE9 /* AppConstants.swift in Sources */,
				47536639289921AD00F0EABD /* ViewController.swift in Sources */,
				47B8C141289BC59700F9B2F9 /* SymbolLast.swift in Sources */,
				4726555828AE3C0F0072932D /* FRKSDemo.swift in Sources */,
				473CDEA128B4D01C00C44AC3 /* WatchlistViewController.swift in Sources */,
				47536635289921AD00F0EABD /* AppDelegate.swift in Sources */,
				47536637289921AD00F0EABD /* SceneDelegate.swift in Sources */,
				4753663F289921AD00F0EABD /* frks_challenge.xcdatamodeld in Sources */,
				473CDEA528B4D02E00C44AC3 /* WatchlistViewModel.swift in Sources */,
				4722B78D289A72AC00349BE9 /* Definition.swift in Sources */,
				4781B64828B8C6CD00FF1585 /* CellTestUIViewController.swift in Sources */,
				47B8C144289BC7DF00F9B2F9 /* DefinitionRequest.swift in Sources */,
				47A9C11728ACECB80061FB65 /* FRKSView.swift in Sources */,
				475366692899250100F0EABD /* FirstScreenViewModelProtocol.swift in Sources */,
				47B8C148289BC7F100F9B2F9 /* Request.swift in Sources */,
				47FBE31E28B62B03005FEAD5 /* LandingCell.swift in Sources */,
				473CDEA728B4D03500C44AC3 /* WatchlistViewModelProtocol.swift in Sources */,
				4722B796289A765C00349BE9 /* SingletonPattern.swift in Sources */,
				47A9C11528ACEC270061FB65 /* FRKSLabel.swift in Sources */,
				4753666B2899250B00F0EABD /* FirstScreenViewModel.swift in Sources */,
				47FBE30B28B620EE005FEAD5 /* LandingPageViewController.swift in Sources */,
				47FBE31328B62288005FEAD5 /* ShowMessageViewController.swift in Sources */,
			);
			runOnlyForDeploymentPostprocessing = 0;
		};
		47536646289921B000F0EABD /* Sources */ = {
			isa = PBXSourcesBuildPhase;
			buildActionMask = 2147483647;
			files = (
				4753664F289921B000F0EABD /* frks_challengeTests.swift in Sources */,
			);
			runOnlyForDeploymentPostprocessing = 0;
		};
		47536650289921B000F0EABD /* Sources */ = {
			isa = PBXSourcesBuildPhase;
			buildActionMask = 2147483647;
			files = (
				4753665B289921B000F0EABD /* frks_challengeUITestsLaunchTests.swift in Sources */,
				47536659289921B000F0EABD /* frks_challengeUITests.swift in Sources */,
			);
			runOnlyForDeploymentPostprocessing = 0;
		};
/* End PBXSourcesBuildPhase section */

/* Begin PBXTargetDependency section */
		4753664C289921B000F0EABD /* PBXTargetDependency */ = {
			isa = PBXTargetDependency;
			target = 47536630289921AD00F0EABD /* frks_challenge */;
			targetProxy = 4753664B289921B000F0EABD /* PBXContainerItemProxy */;
		};
		47536656289921B000F0EABD /* PBXTargetDependency */ = {
			isa = PBXTargetDependency;
			target = 47536630289921AD00F0EABD /* frks_challenge */;
			targetProxy = 47536655289921B000F0EABD /* PBXContainerItemProxy */;
		};
/* End PBXTargetDependency section */

/* Begin PBXVariantGroup section */
		4753663A289921AD00F0EABD /* Main.storyboard */ = {
			isa = PBXVariantGroup;
			children = (
				4753663B289921AD00F0EABD /* Base */,
			);
			name = Main.storyboard;
			sourceTree = "<group>";
		};
		47536642289921B000F0EABD /* LaunchScreen.storyboard */ = {
			isa = PBXVariantGroup;
			children = (
				47536643289921B000F0EABD /* Base */,
			);
			name = LaunchScreen.storyboard;
			sourceTree = "<group>";
		};
/* End PBXVariantGroup section */

/* Begin XCBuildConfiguration section */
		4753665C289921B000F0EABD /* Debug */ = {
			isa = XCBuildConfiguration;
			buildSettings = {
				ALWAYS_SEARCH_USER_PATHS = NO;
				CLANG_ANALYZER_NONNULL = YES;
				CLANG_ANALYZER_NUMBER_OBJECT_CONVERSION = YES_AGGRESSIVE;
				CLANG_CXX_LANGUAGE_STANDARD = "gnu++17";
				CLANG_CXX_LIBRARY = "libc++";
				CLANG_ENABLE_MODULES = YES;
				CLANG_ENABLE_OBJC_ARC = YES;
				CLANG_ENABLE_OBJC_WEAK = YES;
				CLANG_WARN_BLOCK_CAPTURE_AUTORELEASING = YES;
				CLANG_WARN_BOOL_CONVERSION = YES;
				CLANG_WARN_COMMA = YES;
				CLANG_WARN_CONSTANT_CONVERSION = YES;
				CLANG_WARN_DEPRECATED_OBJC_IMPLEMENTATIONS = YES;
				CLANG_WARN_DIRECT_OBJC_ISA_USAGE = YES_ERROR;
				CLANG_WARN_DOCUMENTATION_COMMENTS = YES;
				CLANG_WARN_EMPTY_BODY = YES;
				CLANG_WARN_ENUM_CONVERSION = YES;
				CLANG_WARN_INFINITE_RECURSION = YES;
				CLANG_WARN_INT_CONVERSION = YES;
				CLANG_WARN_NON_LITERAL_NULL_CONVERSION = YES;
				CLANG_WARN_OBJC_IMPLICIT_RETAIN_SELF = YES;
				CLANG_WARN_OBJC_LITERAL_CONVERSION = YES;
				CLANG_WARN_OBJC_ROOT_CLASS = YES_ERROR;
				CLANG_WARN_QUOTED_INCLUDE_IN_FRAMEWORK_HEADER = YES;
				CLANG_WARN_RANGE_LOOP_ANALYSIS = YES;
				CLANG_WARN_STRICT_PROTOTYPES = YES;
				CLANG_WARN_SUSPICIOUS_MOVE = YES;
				CLANG_WARN_UNGUARDED_AVAILABILITY = YES_AGGRESSIVE;
				CLANG_WARN_UNREACHABLE_CODE = YES;
				CLANG_WARN__DUPLICATE_METHOD_MATCH = YES;
				COPY_PHASE_STRIP = NO;
				DEBUG_INFORMATION_FORMAT = dwarf;
				ENABLE_STRICT_OBJC_MSGSEND = YES;
				ENABLE_TESTABILITY = YES;
				GCC_C_LANGUAGE_STANDARD = gnu11;
				GCC_DYNAMIC_NO_PIC = NO;
				GCC_NO_COMMON_BLOCKS = YES;
				GCC_OPTIMIZATION_LEVEL = 0;
				GCC_PREPROCESSOR_DEFINITIONS = (
					"DEBUG=1",
					"$(inherited)",
				);
				GCC_WARN_64_TO_32_BIT_CONVERSION = YES;
				GCC_WARN_ABOUT_RETURN_TYPE = YES_ERROR;
				GCC_WARN_UNDECLARED_SELECTOR = YES;
				GCC_WARN_UNINITIALIZED_AUTOS = YES_AGGRESSIVE;
				GCC_WARN_UNUSED_FUNCTION = YES;
				GCC_WARN_UNUSED_VARIABLE = YES;
				IPHONEOS_DEPLOYMENT_TARGET = 15.2;
				MTL_ENABLE_DEBUG_INFO = INCLUDE_SOURCE;
				MTL_FAST_MATH = YES;
				ONLY_ACTIVE_ARCH = YES;
				SDKROOT = iphoneos;
				SWIFT_ACTIVE_COMPILATION_CONDITIONS = DEBUG;
				SWIFT_OPTIMIZATION_LEVEL = "-Onone";
			};
			name = Debug;
		};
		4753665D289921B000F0EABD /* Release */ = {
			isa = XCBuildConfiguration;
			buildSettings = {
				ALWAYS_SEARCH_USER_PATHS = NO;
				CLANG_ANALYZER_NONNULL = YES;
				CLANG_ANALYZER_NUMBER_OBJECT_CONVERSION = YES_AGGRESSIVE;
				CLANG_CXX_LANGUAGE_STANDARD = "gnu++17";
				CLANG_CXX_LIBRARY = "libc++";
				CLANG_ENABLE_MODULES = YES;
				CLANG_ENABLE_OBJC_ARC = YES;
				CLANG_ENABLE_OBJC_WEAK = YES;
				CLANG_WARN_BLOCK_CAPTURE_AUTORELEASING = YES;
				CLANG_WARN_BOOL_CONVERSION = YES;
				CLANG_WARN_COMMA = YES;
				CLANG_WARN_CONSTANT_CONVERSION = YES;
				CLANG_WARN_DEPRECATED_OBJC_IMPLEMENTATIONS = YES;
				CLANG_WARN_DIRECT_OBJC_ISA_USAGE = YES_ERROR;
				CLANG_WARN_DOCUMENTATION_COMMENTS = YES;
				CLANG_WARN_EMPTY_BODY = YES;
				CLANG_WARN_ENUM_CONVERSION = YES;
				CLANG_WARN_INFINITE_RECURSION = YES;
				CLANG_WARN_INT_CONVERSION = YES;
				CLANG_WARN_NON_LITERAL_NULL_CONVERSION = YES;
				CLANG_WARN_OBJC_IMPLICIT_RETAIN_SELF = YES;
				CLANG_WARN_OBJC_LITERAL_CONVERSION = YES;
				CLANG_WARN_OBJC_ROOT_CLASS = YES_ERROR;
				CLANG_WARN_QUOTED_INCLUDE_IN_FRAMEWORK_HEADER = YES;
				CLANG_WARN_RANGE_LOOP_ANALYSIS = YES;
				CLANG_WARN_STRICT_PROTOTYPES = YES;
				CLANG_WARN_SUSPICIOUS_MOVE = YES;
				CLANG_WARN_UNGUARDED_AVAILABILITY = YES_AGGRESSIVE;
				CLANG_WARN_UNREACHABLE_CODE = YES;
				CLANG_WARN__DUPLICATE_METHOD_MATCH = YES;
				COPY_PHASE_STRIP = NO;
				DEBUG_INFORMATION_FORMAT = "dwarf-with-dsym";
				ENABLE_NS_ASSERTIONS = NO;
				ENABLE_STRICT_OBJC_MSGSEND = YES;
				GCC_C_LANGUAGE_STANDARD = gnu11;
				GCC_NO_COMMON_BLOCKS = YES;
				GCC_WARN_64_TO_32_BIT_CONVERSION = YES;
				GCC_WARN_ABOUT_RETURN_TYPE = YES_ERROR;
				GCC_WARN_UNDECLARED_SELECTOR = YES;
				GCC_WARN_UNINITIALIZED_AUTOS = YES_AGGRESSIVE;
				GCC_WARN_UNUSED_FUNCTION = YES;
				GCC_WARN_UNUSED_VARIABLE = YES;
				IPHONEOS_DEPLOYMENT_TARGET = 15.2;
				MTL_ENABLE_DEBUG_INFO = NO;
				MTL_FAST_MATH = YES;
				SDKROOT = iphoneos;
				SWIFT_COMPILATION_MODE = wholemodule;
				SWIFT_OPTIMIZATION_LEVEL = "-O";
				VALIDATE_PRODUCT = YES;
			};
			name = Release;
		};
		4753665F289921B000F0EABD /* Debug */ = {
			isa = XCBuildConfiguration;
			buildSettings = {
				ASSETCATALOG_COMPILER_APPICON_NAME = AppIcon;
				ASSETCATALOG_COMPILER_GLOBAL_ACCENT_COLOR_NAME = AccentColor;
				CODE_SIGN_STYLE = Automatic;
				CURRENT_PROJECT_VERSION = 1;
				DEVELOPMENT_TEAM = 53X8998MD8;
				GENERATE_INFOPLIST_FILE = YES;
				INFOPLIST_FILE = frks_challenge/Info.plist;
				INFOPLIST_KEY_UIApplicationSupportsIndirectInputEvents = YES;
				INFOPLIST_KEY_UILaunchStoryboardName = LaunchScreen;
				INFOPLIST_KEY_UIMainStoryboardFile = LandingPageViewController;
				INFOPLIST_KEY_UISupportedInterfaceOrientations_iPad = "UIInterfaceOrientationPortrait UIInterfaceOrientationPortraitUpsideDown UIInterfaceOrientationLandscapeLeft UIInterfaceOrientationLandscapeRight";
				INFOPLIST_KEY_UISupportedInterfaceOrientations_iPhone = "UIInterfaceOrientationPortrait UIInterfaceOrientationLandscapeLeft UIInterfaceOrientationLandscapeRight";
				LD_RUNPATH_SEARCH_PATHS = (
					"$(inherited)",
					"@executable_path/Frameworks",
				);
				MARKETING_VERSION = 1.0;
				PRODUCT_BUNDLE_IDENTIFIER = "com.yilmaz.frks-challenge";
				PRODUCT_NAME = "$(TARGET_NAME)";
				SWIFT_EMIT_LOC_STRINGS = YES;
				SWIFT_VERSION = 5.0;
				TARGETED_DEVICE_FAMILY = "1,2";
			};
			name = Debug;
		};
		47536660289921B000F0EABD /* Release */ = {
			isa = XCBuildConfiguration;
			buildSettings = {
				ASSETCATALOG_COMPILER_APPICON_NAME = AppIcon;
				ASSETCATALOG_COMPILER_GLOBAL_ACCENT_COLOR_NAME = AccentColor;
				CODE_SIGN_STYLE = Automatic;
				CURRENT_PROJECT_VERSION = 1;
				DEVELOPMENT_TEAM = 53X8998MD8;
				GENERATE_INFOPLIST_FILE = YES;
				INFOPLIST_FILE = frks_challenge/Info.plist;
				INFOPLIST_KEY_UIApplicationSupportsIndirectInputEvents = YES;
				INFOPLIST_KEY_UILaunchStoryboardName = LaunchScreen;
				INFOPLIST_KEY_UIMainStoryboardFile = LandingPageViewController;
				INFOPLIST_KEY_UISupportedInterfaceOrientations_iPad = "UIInterfaceOrientationPortrait UIInterfaceOrientationPortraitUpsideDown UIInterfaceOrientationLandscapeLeft UIInterfaceOrientationLandscapeRight";
				INFOPLIST_KEY_UISupportedInterfaceOrientations_iPhone = "UIInterfaceOrientationPortrait UIInterfaceOrientationLandscapeLeft UIInterfaceOrientationLandscapeRight";
				LD_RUNPATH_SEARCH_PATHS = (
					"$(inherited)",
					"@executable_path/Frameworks",
				);
				MARKETING_VERSION = 1.0;
				PRODUCT_BUNDLE_IDENTIFIER = "com.yilmaz.frks-challenge";
				PRODUCT_NAME = "$(TARGET_NAME)";
				SWIFT_EMIT_LOC_STRINGS = YES;
				SWIFT_VERSION = 5.0;
				TARGETED_DEVICE_FAMILY = "1,2";
			};
			name = Release;
		};
		47536662289921B000F0EABD /* Debug */ = {
			isa = XCBuildConfiguration;
			buildSettings = {
				ALWAYS_EMBED_SWIFT_STANDARD_LIBRARIES = YES;
				BUNDLE_LOADER = "$(TEST_HOST)";
				CODE_SIGN_STYLE = Automatic;
				CURRENT_PROJECT_VERSION = 1;
				DEVELOPMENT_TEAM = 53X8998MD8;
				GENERATE_INFOPLIST_FILE = YES;
				IPHONEOS_DEPLOYMENT_TARGET = 15.2;
				MARKETING_VERSION = 1.0;
				PRODUCT_BUNDLE_IDENTIFIER = "com.yilmaz.frks-challengeTests";
				PRODUCT_NAME = "$(TARGET_NAME)";
				SWIFT_EMIT_LOC_STRINGS = NO;
				SWIFT_VERSION = 5.0;
				TARGETED_DEVICE_FAMILY = "1,2";
				TEST_HOST = "$(BUILT_PRODUCTS_DIR)/frks_challenge.app/frks_challenge";
			};
			name = Debug;
		};
		47536663289921B000F0EABD /* Release */ = {
			isa = XCBuildConfiguration;
			buildSettings = {
				ALWAYS_EMBED_SWIFT_STANDARD_LIBRARIES = YES;
				BUNDLE_LOADER = "$(TEST_HOST)";
				CODE_SIGN_STYLE = Automatic;
				CURRENT_PROJECT_VERSION = 1;
				DEVELOPMENT_TEAM = 53X8998MD8;
				GENERATE_INFOPLIST_FILE = YES;
				IPHONEOS_DEPLOYMENT_TARGET = 15.2;
				MARKETING_VERSION = 1.0;
				PRODUCT_BUNDLE_IDENTIFIER = "com.yilmaz.frks-challengeTests";
				PRODUCT_NAME = "$(TARGET_NAME)";
				SWIFT_EMIT_LOC_STRINGS = NO;
				SWIFT_VERSION = 5.0;
				TARGETED_DEVICE_FAMILY = "1,2";
				TEST_HOST = "$(BUILT_PRODUCTS_DIR)/frks_challenge.app/frks_challenge";
			};
			name = Release;
		};
		47536665289921B000F0EABD /* Debug */ = {
			isa = XCBuildConfiguration;
			buildSettings = {
				ALWAYS_EMBED_SWIFT_STANDARD_LIBRARIES = YES;
				CODE_SIGN_STYLE = Automatic;
				CURRENT_PROJECT_VERSION = 1;
				DEVELOPMENT_TEAM = 53X8998MD8;
				GENERATE_INFOPLIST_FILE = YES;
				MARKETING_VERSION = 1.0;
				PRODUCT_BUNDLE_IDENTIFIER = "com.yilmaz.frks-challengeUITests";
				PRODUCT_NAME = "$(TARGET_NAME)";
				SWIFT_EMIT_LOC_STRINGS = NO;
				SWIFT_VERSION = 5.0;
				TARGETED_DEVICE_FAMILY = "1,2";
				TEST_TARGET_NAME = frks_challenge;
			};
			name = Debug;
		};
		47536666289921B000F0EABD /* Release */ = {
			isa = XCBuildConfiguration;
			buildSettings = {
				ALWAYS_EMBED_SWIFT_STANDARD_LIBRARIES = YES;
				CODE_SIGN_STYLE = Automatic;
				CURRENT_PROJECT_VERSION = 1;
				DEVELOPMENT_TEAM = 53X8998MD8;
				GENERATE_INFOPLIST_FILE = YES;
				MARKETING_VERSION = 1.0;
				PRODUCT_BUNDLE_IDENTIFIER = "com.yilmaz.frks-challengeUITests";
				PRODUCT_NAME = "$(TARGET_NAME)";
				SWIFT_EMIT_LOC_STRINGS = NO;
				SWIFT_VERSION = 5.0;
				TARGETED_DEVICE_FAMILY = "1,2";
				TEST_TARGET_NAME = frks_challenge;
			};
			name = Release;
		};
/* End XCBuildConfiguration section */

/* Begin XCConfigurationList section */
		4753662C289921AD00F0EABD /* Build configuration list for PBXProject "frks_challenge" */ = {
			isa = XCConfigurationList;
			buildConfigurations = (
				4753665C289921B000F0EABD /* Debug */,
				4753665D289921B000F0EABD /* Release */,
			);
			defaultConfigurationIsVisible = 0;
			defaultConfigurationName = Release;
		};
		4753665E289921B000F0EABD /* Build configuration list for PBXNativeTarget "frks_challenge" */ = {
			isa = XCConfigurationList;
			buildConfigurations = (
				4753665F289921B000F0EABD /* Debug */,
				47536660289921B000F0EABD /* Release */,
			);
			defaultConfigurationIsVisible = 0;
			defaultConfigurationName = Release;
		};
		47536661289921B000F0EABD /* Build configuration list for PBXNativeTarget "frks_challengeTests" */ = {
			isa = XCConfigurationList;
			buildConfigurations = (
				47536662289921B000F0EABD /* Debug */,
				47536663289921B000F0EABD /* Release */,
			);
			defaultConfigurationIsVisible = 0;
			defaultConfigurationName = Release;
		};
		47536664289921B000F0EABD /* Build configuration list for PBXNativeTarget "frks_challengeUITests" */ = {
			isa = XCConfigurationList;
			buildConfigurations = (
				47536665289921B000F0EABD /* Debug */,
				47536666289921B000F0EABD /* Release */,
			);
			defaultConfigurationIsVisible = 0;
			defaultConfigurationName = Release;
		};
/* End XCConfigurationList section */

/* Begin XCVersionGroup section */
		4753663D289921AD00F0EABD /* frks_challenge.xcdatamodeld */ = {
			isa = XCVersionGroup;
			children = (
				4753663E289921AD00F0EABD /* frks_challenge.xcdatamodel */,
			);
			currentVersion = 4753663E289921AD00F0EABD /* frks_challenge.xcdatamodel */;
			path = frks_challenge.xcdatamodeld;
			sourceTree = "<group>";
			versionGroupType = wrapper.xcdatamodel;
		};
/* End XCVersionGroup section */
	};
	rootObject = 47536629289921AD00F0EABD /* Project object */;
}
